<?xml version="1.0" encoding="utf-8"?>
<Project ToolsVersion="4.0" xmlns="http://schemas.microsoft.com/developer/msbuild/2003">
  <ItemGroup>
    <Filter Include="源文件">
      <UniqueIdentifier>{4FC737F1-C7A5-4376-A066-2A32D752A2FF}</UniqueIdentifier>
      <Extensions>cpp;c;cc;cxx;def;odl;idl;hpj;bat;asm;asmx</Extensions>
    </Filter>
    <Filter Include="头文件">
      <UniqueIdentifier>{93995380-89BD-4b04-88EB-625FBE52EBFB}</UniqueIdentifier>
      <Extensions>h;hpp;hxx;hm;inl;inc;xsd</Extensions>
    </Filter>
    <Filter Include="资源文件">
      <UniqueIdentifier>{67DA6AB6-F800-4c08-8B7A-83BB121AAD01}</UniqueIdentifier>
      <Extensions>rc;ico;cur;bmp;dlg;rc2;rct;bin;rgs;gif;jpg;jpeg;jpe;resx;tiff;tif;png;wav;mfcribbon-ms</Extensions>
    </Filter>
  </ItemGroup>
  <ItemGroup>
    <ClInclude Include="CSPX.h">
      <Filter>头文件</Filter>
    </ClInclude>
    <ClInclude Include="CSPY.h">
      <Filter>头文件</Filter>
    </ClInclude>
    <ClInclude Include="CSPZ.h">
      <Filter>头文件</Filter>
    </ClInclude>
    <ClInclude Include="CSPT.h">
      <Filter>头文件</Filter>
    </ClInclude>
    <ClInclude Include="CSPCTRL.h">
      <Filter>头文件</Filter>
    </ClInclude>
    <ClInclude Include="CSPPC.h">
      <Filter>头文件</Filter>
    </ClInclude>
    <ClInclude Include="CSPIR.h">
      <Filter>头文件</Filter>
    </ClInclude>
    <ClInclude Include="CSPMACTimer.h">
      <Filter>头文件</Filter>
    </ClInclude>
    <ClInclude Include="CSPMemory.h">
      <Filter>头文件</Filter>
    </ClInclude>
    <ClInclude Include="CSPMux_1.h">
      <Filter>头文件</Filter>
    </ClInclude>
    <ClInclude Include="CSPMux_2.h">
      <Filter>头文件</Filter>
    </ClInclude>
    <ClInclude Include="CSPRandom.h">
      <Filter>头文件</Filter>
    </ClInclude>
    <ClInclude Include="CSPRFST.h">
      <Filter>头文件</Filter>
    </ClInclude>
    <ClInclude Include="CSPZeroFlag.h">
      <Filter>头文件</Filter>
    </ClInclude>
    <ClInclude Include="driver.h">
      <Filter>头文件</Filter>
    </ClInclude>
    <ClInclude Include="IncludeFiles.h">
      <Filter>头文件</Filter>
    </ClInclude>
    <ClInclude Include="CSPControl.h">
      <Filter>头文件</Filter>
    </ClInclude>
    <ClInclude Include="CSPTOP.h">
      <Filter>头文件</Filter>
    </ClInclude>
  </ItemGroup>
  <ItemGroup>
    <ClCompile Include="CSPX.cpp">
      <Filter>源文件</Filter>
    </ClCompile>
    <ClCompile Include="main.cpp">
      <Filter>源文件</Filter>
    </ClCompile>
    <ClCompile Include="driver.cpp">
      <Filter>源文件</Filter>
    </ClCompile>
    <ClCompile Include="CSPY.cpp">
      <Filter>源文件</Filter>
    </ClCompile>
    <ClCompile Include="CSPZ.cpp">
      <Filter>源文件</Filter>
    </ClCompile>
    <ClCompile Include="CSPT.cpp">
      <Filter>源文件</Filter>
    </ClCompile>
    <ClCompile Include="CSPCTRL.cpp">
      <Filter>源文件</Filter>
    </ClCompile>
    <ClCompile Include="CSPPC.cpp">
      <Filter>源文件</Filter>
    </ClCompile>
    <ClCompile Include="CSPIR.cpp">
      <Filter>源文件</Filter>
    </ClCompile>
    <ClCompile Include="CSPMACTimer.cpp">
      <Filter>源文件</Filter>
    </ClCompile>
    <ClCompile Include="CSPMemory.cpp">
      <Filter>源文件</Filter>
    </ClCompile>
    <ClCompile Include="CSPMux_1.cpp">
      <Filter>源文件</Filter>
    </ClCompile>
    <ClCompile Include="CSPMux_2.cpp">
      <Filter>源文件</Filter>
    </ClCompile>
    <ClCompile Include="CSPRandom.cpp">
      <Filter>源文件</Filter>
    </ClCompile>
    <ClCompile Include="CSPRFST.cpp">
      <Filter>源文件</Filter>
    </ClCompile>
    <ClCompile Include="CSPZeroFlag.cpp">
      <Filter>源文件</Filter>
    </ClCompile>
    <ClCompile Include="CSPControl.cpp">
      <Filter>源文件</Filter>
    </ClCompile>
    <ClCompile Include="CSPTOP.cpp">
      <Filter>源文件</Filter>
    </ClCompile>
  </ItemGroup>
</Project>